// !$*UTF8*$!
{
	archiveVersion = 1;
	classes = {
	};
	objectVersion = 51;
	objects = {

/* Begin PBXBuildFile section */
		BE250E0B237038B600286293 /* AppDelegate.swift in Sources */ = {isa = PBXBuildFile; fileRef = BE250E0A237038B600286293 /* AppDelegate.swift */; };
		BE250E0D237038B600286293 /* SceneDelegate.swift in Sources */ = {isa = PBXBuildFile; fileRef = BE250E0C237038B600286293 /* SceneDelegate.swift */; };
		BE250E12237038B600286293 /* Main.storyboard in Resources */ = {isa = PBXBuildFile; fileRef = BE250E10237038B600286293 /* Main.storyboard */; };
		BE250E14237038B700286293 /* Assets.xcassets in Resources */ = {isa = PBXBuildFile; fileRef = BE250E13237038B700286293 /* Assets.xcassets */; };
		BE250E17237038B700286293 /* LaunchScreen.storyboard in Resources */ = {isa = PBXBuildFile; fileRef = BE250E15237038B700286293 /* LaunchScreen.storyboard */; };
		BE250E1F23703E0100286293 /* ToDoViewController.swift in Sources */ = {isa = PBXBuildFile; fileRef = BE250E1E23703E0100286293 /* ToDoViewController.swift */; };
		BE250E2123703EC400286293 /* DetailedListViewController.swift in Sources */ = {isa = PBXBuildFile; fileRef = BE250E2023703EC400286293 /* DetailedListViewController.swift */; };
		BE250E2323704FB500286293 /* Model.swift in Sources */ = {isa = PBXBuildFile; fileRef = BE250E2223704FB500286293 /* Model.swift */; };
		BE250E252370518400286293 /* TaskList.swift in Sources */ = {isa = PBXBuildFile; fileRef = BE250E242370518400286293 /* TaskList.swift */; };
		BE250E272370575400286293 /* StorageManager.swift in Sources */ = {isa = PBXBuildFile; fileRef = BE250E262370575400286293 /* StorageManager.swift */; };
		BE250E292372FAB500286293 /* Extension + UITVCell.swift in Sources */ = {isa = PBXBuildFile; fileRef = BE250E282372FAB500286293 /* Extension + UITVCell.swift */; };
		CCD82DE531B2AAD50250D16E /* Pods_RealmHW14.framework in Frameworks */ = {isa = PBXBuildFile; fileRef = 6529C691BBAAB145F4A489C5 /* Pods_RealmHW14.framework */; };
/* End PBXBuildFile section */

/* Begin PBXFileReference section */
		6529C691BBAAB145F4A489C5 /* Pods_RealmHW14.framework */ = {isa = PBXFileReference; explicitFileType = wrapper.framework; includeInIndex = 0; path = Pods_RealmHW14.framework; sourceTree = BUILT_PRODUCTS_DIR; };
		70D5F8245B99BA3975FFAEEB /* Pods-RealmHW14.release.xcconfig */ = {isa = PBXFileReference; includeInIndex = 1; lastKnownFileType = text.xcconfig; name = "Pods-RealmHW14.release.xcconfig"; path = "Target Support Files/Pods-RealmHW14/Pods-RealmHW14.release.xcconfig"; sourceTree = "<group>"; };
		BE250E07237038B600286293 /* RealmHW14.app */ = {isa = PBXFileReference; explicitFileType = wrapper.application; includeInIndex = 0; path = RealmHW14.app; sourceTree = BUILT_PRODUCTS_DIR; };
		BE250E0A237038B600286293 /* AppDelegate.swift */ = {isa = PBXFileReference; lastKnownFileType = sourcecode.swift; path = AppDelegate.swift; sourceTree = "<group>"; };
		BE250E0C237038B600286293 /* SceneDelegate.swift */ = {isa = PBXFileReference; lastKnownFileType = sourcecode.swift; path = SceneDelegate.swift; sourceTree = "<group>"; };
		BE250E11237038B600286293 /* Base */ = {isa = PBXFileReference; lastKnownFileType = file.storyboard; name = Base; path = Base.lproj/Main.storyboard; sourceTree = "<group>"; };
		BE250E13237038B700286293 /* Assets.xcassets */ = {isa = PBXFileReference; lastKnownFileType = folder.assetcatalog; path = Assets.xcassets; sourceTree = "<group>"; };
		BE250E16237038B700286293 /* Base */ = {isa = PBXFileReference; lastKnownFileType = file.storyboard; name = Base; path = Base.lproj/LaunchScreen.storyboard; sourceTree = "<group>"; };
		BE250E18237038B700286293 /* Info.plist */ = {isa = PBXFileReference; lastKnownFileType = text.plist.xml; path = Info.plist; sourceTree = "<group>"; };
		BE250E1E23703E0100286293 /* ToDoViewController.swift */ = {isa = PBXFileReference; lastKnownFileType = sourcecode.swift; path = ToDoViewController.swift; sourceTree = "<group>"; };
		BE250E2023703EC400286293 /* DetailedListViewController.swift */ = {isa = PBXFileReference; lastKnownFileType = sourcecode.swift; path = DetailedListViewController.swift; sourceTree = "<group>"; };
		BE250E2223704FB500286293 /* Model.swift */ = {isa = PBXFileReference; lastKnownFileType = sourcecode.swift; path = Model.swift; sourceTree = "<group>"; };
		BE250E242370518400286293 /* TaskList.swift */ = {isa = PBXFileReference; lastKnownFileType = sourcecode.swift; path = TaskList.swift; sourceTree = "<group>"; };
		BE250E262370575400286293 /* StorageManager.swift */ = {isa = PBXFileReference; lastKnownFileType = sourcecode.swift; path = StorageManager.swift; sourceTree = "<group>"; };
		BE250E282372FAB500286293 /* Extension + UITVCell.swift */ = {isa = PBXFileReference; lastKnownFileType = sourcecode.swift; path = "Extension + UITVCell.swift"; sourceTree = "<group>"; };
		DF38C729D947DC1521861561 /* Pods-RealmHW14.debug.xcconfig */ = {isa = PBXFileReference; includeInIndex = 1; lastKnownFileType = text.xcconfig; name = "Pods-RealmHW14.debug.xcconfig"; path = "Target Support Files/Pods-RealmHW14/Pods-RealmHW14.debug.xcconfig"; sourceTree = "<group>"; };
/* End PBXFileReference section */

/* Begin PBXFrameworksBuildPhase section */
		BE250E04237038B600286293 /* Frameworks */ = {
			isa = PBXFrameworksBuildPhase;
			buildActionMask = 2147483647;
			files = (
				CCD82DE531B2AAD50250D16E /* Pods_RealmHW14.framework in Frameworks */,
			);
			runOnlyForDeploymentPostprocessing = 0;
		};
/* End PBXFrameworksBuildPhase section */

/* Begin PBXGroup section */
		2CAF92255191B5A3053624A3 /* Frameworks */ = {
			isa = PBXGroup;
			children = (
				6529C691BBAAB145F4A489C5 /* Pods_RealmHW14.framework */,
			);
			name = Frameworks;
			sourceTree = "<group>";
		};
		BC1CF74A6A37D12F6D721AF3 /* Pods */ = {
			isa = PBXGroup;
			children = (
				DF38C729D947DC1521861561 /* Pods-RealmHW14.debug.xcconfig */,
				70D5F8245B99BA3975FFAEEB /* Pods-RealmHW14.release.xcconfig */,
			);
			path = Pods;
			sourceTree = "<group>";
		};
		BE250DFE237038B600286293 = {
			isa = PBXGroup;
			children = (
				BE250E09237038B600286293 /* RealmHW14 */,
				BE250E08237038B600286293 /* Products */,
				BC1CF74A6A37D12F6D721AF3 /* Pods */,
				2CAF92255191B5A3053624A3 /* Frameworks */,
			);
			sourceTree = "<group>";
		};
		BE250E08237038B600286293 /* Products */ = {
			isa = PBXGroup;
			children = (
				BE250E07237038B600286293 /* RealmHW14.app */,
			);
			name = Products;
			sourceTree = "<group>";
		};
		BE250E09237038B600286293 /* RealmHW14 */ = {
			isa = PBXGroup;
			children = (
				BE250E0A237038B600286293 /* AppDelegate.swift */,
				BE250E0C237038B600286293 /* SceneDelegate.swift */,
				BE250E2223704FB500286293 /* Model.swift */,
				BE250E2023703EC400286293 /* DetailedListViewController.swift */,
				BE250E1E23703E0100286293 /* ToDoViewController.swift */,
				BE250E262370575400286293 /* StorageManager.swift */,
				BE250E242370518400286293 /* TaskList.swift */,
				BE250E282372FAB500286293 /* Extension + UITVCell.swift */,
				BE250E10237038B600286293 /* Main.storyboard */,
				BE250E13237038B700286293 /* Assets.xcassets */,
				BE250E15237038B700286293 /* LaunchScreen.storyboard */,
				BE250E18237038B700286293 /* Info.plist */,
			);
			path = RealmHW14;
			sourceTree = "<group>";
		};
/* End PBXGroup section */

/* Begin PBXNativeTarget section */
		BE250E06237038B600286293 /* RealmHW14 */ = {
			isa = PBXNativeTarget;
			buildConfigurationList = BE250E1B237038B700286293 /* Build configuration list for PBXNativeTarget "RealmHW14" */;
			buildPhases = (
				399C8F1E8E1CCDE7A4FC7507 /* [CP] Check Pods Manifest.lock */,
				BE250E03237038B600286293 /* Sources */,
				BE250E04237038B600286293 /* Frameworks */,
				BE250E05237038B600286293 /* Resources */,
				1B6F5BB4E10D4F5FEEC16B04 /* [CP] Embed Pods Frameworks */,
			);
			buildRules = (
			);
			dependencies = (
			);
			name = RealmHW14;
			productName = RealmHW14;
			productReference = BE250E07237038B600286293 /* RealmHW14.app */;
			productType = "com.apple.product-type.application";
		};
/* End PBXNativeTarget section */

/* Begin PBXProject section */
		BE250DFF237038B600286293 /* Project object */ = {
			isa = PBXProject;
			attributes = {
				LastSwiftUpdateCheck = 1120;
				LastUpgradeCheck = 1120;
				ORGANIZATIONNAME = "Виктория Воробьева";
				TargetAttributes = {
					BE250E06237038B600286293 = {
						CreatedOnToolsVersion = 11.2;
					};
				};
			};
			buildConfigurationList = BE250E02237038B600286293 /* Build configuration list for PBXProject "RealmHW14" */;
			compatibilityVersion = "Xcode 9.3";
			developmentRegion = en;
			hasScannedForEncodings = 0;
			knownRegions = (
				en,
				Base,
			);
			mainGroup = BE250DFE237038B600286293;
			productRefGroup = BE250E08237038B600286293 /* Products */;
			projectDirPath = "";
			projectRoot = "";
			targets = (
				BE250E06237038B600286293 /* RealmHW14 */,
			);
		};
/* End PBXProject section */

/* Begin PBXResourcesBuildPhase section */
		BE250E05237038B600286293 /* Resources */ = {
			isa = PBXResourcesBuildPhase;
			buildActionMask = 2147483647;
			files = (
				BE250E17237038B700286293 /* LaunchScreen.storyboard in Resources */,
				BE250E14237038B700286293 /* Assets.xcassets in Resources */,
				BE250E12237038B600286293 /* Main.storyboard in Resources */,
			);
			runOnlyForDeploymentPostprocessing = 0;
		};
/* End PBXResourcesBuildPhase section */

/* Begin PBXShellScriptBuildPhase section */
		1B6F5BB4E10D4F5FEEC16B04 /* [CP] Embed Pods Frameworks */ = {
			isa = PBXShellScriptBuildPhase;
			buildActionMask = 2147483647;
			files = (
			);
			inputFileListPaths = (
				"${PODS_ROOT}/Target Support Files/Pods-RealmHW14/Pods-RealmHW14-frameworks-${CONFIGURATION}-input-files.xcfilelist",
			);
			name = "[CP] Embed Pods Frameworks";
			outputFileListPaths = (
				"${PODS_ROOT}/Target Support Files/Pods-RealmHW14/Pods-RealmHW14-frameworks-${CONFIGURATION}-output-files.xcfilelist",
			);
			runOnlyForDeploymentPostprocessing = 0;
			shellPath = /bin/sh;
			shellScript = "\"${PODS_ROOT}/Target Support Files/Pods-RealmHW14/Pods-RealmHW14-frameworks.sh\"\n";
			showEnvVarsInLog = 0;
		};
		399C8F1E8E1CCDE7A4FC7507 /* [CP] Check Pods Manifest.lock */ = {
			isa = PBXShellScriptBuildPhase;
			buildActionMask = 2147483647;
			files = (
			);
			inputFileListPaths = (
			);
			inputPaths = (
				"${PODS_PODFILE_DIR_PATH}/Podfile.lock",
				"${PODS_ROOT}/Manifest.lock",
			);
			name = "[CP] Check Pods Manifest.lock";
			outputFileListPaths = (
			);
			outputPaths = (
				"$(DERIVED_FILE_DIR)/Pods-RealmHW14-checkManifestLockResult.txt",
			);
			runOnlyForDeploymentPostprocessing = 0;
			shellPath = /bin/sh;
			shellScript = "diff \"${PODS_PODFILE_DIR_PATH}/Podfile.lock\" \"${PODS_ROOT}/Manifest.lock\" > /dev/null\nif [ $? != 0 ] ; then\n    # print error to STDERR\n    echo \"error: The sandbox is not in sync with the Podfile.lock. Run 'pod install' or update your CocoaPods installation.\" >&2\n    exit 1\nfi\n# This output is used by Xcode 'outputs' to avoid re-running this script phase.\necho \"SUCCESS\" > \"${SCRIPT_OUTPUT_FILE_0}\"\n";
			showEnvVarsInLog = 0;
		};
/* End PBXShellScriptBuildPhase section */

/* Begin PBXSourcesBuildPhase section */
		BE250E03237038B600286293 /* Sources */ = {
			isa = PBXSourcesBuildPhase;
			buildActionMask = 2147483647;
			files = (
				BE250E252370518400286293 /* TaskList.swift in Sources */,
				BE250E2123703EC400286293 /* DetailedListViewController.swift in Sources */,
				BE250E0B237038B600286293 /* AppDelegate.swift in Sources */,
				BE250E272370575400286293 /* StorageManager.swift in Sources */,
				BE250E2323704FB500286293 /* Model.swift in Sources */,
				BE250E292372FAB500286293 /* Extension + UITVCell.swift in Sources */,
				BE250E1F23703E0100286293 /* ToDoViewController.swift in Sources */,
				BE250E0D237038B600286293 /* SceneDelegate.swift in Sources */,
			);
			runOnlyForDeploymentPostprocessing = 0;
		};
/* End PBXSourcesBuildPhase section */

/* Begin PBXVariantGroup section */
		BE250E10237038B600286293 /* Main.storyboard */ = {
			isa = PBXVariantGroup;
			children = (
				BE250E11237038B600286293 /* Base */,
			);
			name = Main.storyboard;
			sourceTree = "<group>";
		};
		BE250E15237038B700286293 /* LaunchScreen.storyboard */ = {
			isa = PBXVariantGroup;
			children = (
				BE250E16237038B700286293 /* Base */,
			);
			name = LaunchScreen.storyboard;
			sourceTree = "<group>";
		};
/* End PBXVariantGroup section */

/* Begin XCBuildConfiguration section */
		BE250E19237038B700286293 /* Debug */ = {
			isa = XCBuildConfiguration;
			buildSettings = {
				ALWAYS_SEARCH_USER_PATHS = NO;
				CLANG_ANALYZER_NONNULL = YES;
				CLANG_ANALYZER_NUMBER_OBJECT_CONVERSION = YES_AGGRESSIVE;
				CLANG_CXX_LANGUAGE_STANDARD = "gnu++14";
				CLANG_CXX_LIBRARY = "libc++";
				CLANG_ENABLE_MODULES = YES;
				CLANG_ENABLE_OBJC_ARC = YES;
				CLANG_ENABLE_OBJC_WEAK = YES;
				CLANG_WARN_BLOCK_CAPTURE_AUTORELEASING = YES;
				CLANG_WARN_BOOL_CONVERSION = YES;
				CLANG_WARN_COMMA = YES;
				CLANG_WARN_CONSTANT_CONVERSION = YES;
				CLANG_WARN_DEPRECATED_OBJC_IMPLEMENTATIONS = YES;
				CLANG_WARN_DIRECT_OBJC_ISA_USAGE = YES_ERROR;
				CLANG_WARN_DOCUMENTATION_COMMENTS = YES;
				CLANG_WARN_EMPTY_BODY = YES;
				CLANG_WARN_ENUM_CONVERSION = YES;
				CLANG_WARN_INFINITE_RECURSION = YES;
				CLANG_WARN_INT_CONVERSION = YES;
				CLANG_WARN_NON_LITERAL_NULL_CONVERSION = YES;
				CLANG_WARN_OBJC_IMPLICIT_RETAIN_SELF = YES;
				CLANG_WARN_OBJC_LITERAL_CONVERSION = YES;
				CLANG_WARN_OBJC_ROOT_CLASS = YES_ERROR;
				CLANG_WARN_RANGE_LOOP_ANALYSIS = YES;
				CLANG_WARN_STRICT_PROTOTYPES = YES;
				CLANG_WARN_SUSPICIOUS_MOVE = YES;
				CLANG_WARN_UNGUARDED_AVAILABILITY = YES_AGGRESSIVE;
				CLANG_WARN_UNREACHABLE_CODE = YES;
				CLANG_WARN__DUPLICATE_METHOD_MATCH = YES;
				COPY_PHASE_STRIP = NO;
				DEBUG_INFORMATION_FORMAT = dwarf;
				ENABLE_STRICT_OBJC_MSGSEND = YES;
				ENABLE_TESTABILITY = YES;
				GCC_C_LANGUAGE_STANDARD = gnu11;
				GCC_DYNAMIC_NO_PIC = NO;
				GCC_NO_COMMON_BLOCKS = YES;
				GCC_OPTIMIZATION_LEVEL = 0;
				GCC_PREPROCESSOR_DEFINITIONS = (
					"DEBUG=1",
					"$(inherited)",
				);
				GCC_WARN_64_TO_32_BIT_CONVERSION = YES;
				GCC_WARN_ABOUT_RETURN_TYPE = YES_ERROR;
				GCC_WARN_UNDECLARED_SELECTOR = YES;
				GCC_WARN_UNINITIALIZED_AUTOS = YES_AGGRESSIVE;
				GCC_WARN_UNUSED_FUNCTION = YES;
				GCC_WARN_UNUSED_VARIABLE = YES;
				IPHONEOS_DEPLOYMENT_TARGET = 13.2;
				MTL_ENABLE_DEBUG_INFO = INCLUDE_SOURCE;
				MTL_FAST_MATH = YES;
				ONLY_ACTIVE_ARCH = YES;
				SDKROOT = iphoneos;
				SWIFT_ACTIVE_COMPILATION_CONDITIONS = DEBUG;
				SWIFT_OPTIMIZATION_LEVEL = "-Onone";
			};
			name = Debug;
		};
		BE250E1A237038B700286293 /* Release */ = {
			isa = XCBuildConfiguration;
			buildSettings = {
				ALWAYS_SEARCH_USER_PATHS = NO;
				CLANG_ANALYZER_NONNULL = YES;
				CLANG_ANALYZER_NUMBER_OBJECT_CONVERSION = YES_AGGRESSIVE;
				CLANG_CXX_LANGUAGE_STANDARD = "gnu++14";
				CLANG_CXX_LIBRARY = "libc++";
				CLANG_ENABLE_MODULES = YES;
				CLANG_ENABLE_OBJC_ARC = YES;
				CLANG_ENABLE_OBJC_WEAK = YES;
				CLANG_WARN_BLOCK_CAPTURE_AUTORELEASING = YES;
				CLANG_WARN_BOOL_CONVERSION = YES;
				CLANG_WARN_COMMA = YES;
				CLANG_WARN_CONSTANT_CONVERSION = YES;
				CLANG_WARN_DEPRECATED_OBJC_IMPLEMENTATIONS = YES;
				CLANG_WARN_DIRECT_OBJC_ISA_USAGE = YES_ERROR;
				CLANG_WARN_DOCUMENTATION_COMMENTS = YES;
				CLANG_WARN_EMPTY_BODY = YES;
				CLANG_WARN_ENUM_CONVERSION = YES;
				CLANG_WARN_INFINITE_RECURSION = YES;
				CLANG_WARN_INT_CONVERSION = YES;
				CLANG_WARN_NON_LITERAL_NULL_CONVERSION = YES;
				CLANG_WARN_OBJC_IMPLICIT_RETAIN_SELF = YES;
				CLANG_WARN_OBJC_LITERAL_CONVERSION = YES;
				CLANG_WARN_OBJC_ROOT_CLASS = YES_ERROR;
				CLANG_WARN_RANGE_LOOP_ANALYSIS = YES;
				CLANG_WARN_STRICT_PROTOTYPES = YES;
				CLANG_WARN_SUSPICIOUS_MOVE = YES;
				CLANG_WARN_UNGUARDED_AVAILABILITY = YES_AGGRESSIVE;
				CLANG_WARN_UNREACHABLE_CODE = YES;
				CLANG_WARN__DUPLICATE_METHOD_MATCH = YES;
				COPY_PHASE_STRIP = NO;
				DEBUG_INFORMATION_FORMAT = "dwarf-with-dsym";
				ENABLE_NS_ASSERTIONS = NO;
				ENABLE_STRICT_OBJC_MSGSEND = YES;
				GCC_C_LANGUAGE_STANDARD = gnu11;
				GCC_NO_COMMON_BLOCKS = YES;
				GCC_WARN_64_TO_32_BIT_CONVERSION = YES;
				GCC_WARN_ABOUT_RETURN_TYPE = YES_ERROR;
				GCC_WARN_UNDECLARED_SELECTOR = YES;
				GCC_WARN_UNINITIALIZED_AUTOS = YES_AGGRESSIVE;
				GCC_WARN_UNUSED_FUNCTION = YES;
				GCC_WARN_UNUSED_VARIABLE = YES;
				IPHONEOS_DEPLOYMENT_TARGET = 13.2;
				MTL_ENABLE_DEBUG_INFO = NO;
				MTL_FAST_MATH = YES;
				SDKROOT = iphoneos;
				SWIFT_COMPILATION_MODE = wholemodule;
				SWIFT_OPTIMIZATION_LEVEL = "-O";
				VALIDATE_PRODUCT = YES;
			};
			name = Release;
		};
		BE250E1C237038B700286293 /* Debug */ = {
			isa = XCBuildConfiguration;
			baseConfigurationReference = DF38C729D947DC1521861561 /* Pods-RealmHW14.debug.xcconfig */;
			buildSettings = {
				ASSETCATALOG_COMPILER_APPICON_NAME = AppIcon;
				CODE_SIGN_STYLE = Automatic;
				DEVELOPMENT_TEAM = VP9N6X2688;
				INFOPLIST_FILE = RealmHW14/Info.plist;
				LD_RUNPATH_SEARCH_PATHS = (
					"$(inherited)",
					"@executable_path/Frameworks",
				);
				PRODUCT_BUNDLE_IDENTIFIER = VictoriyaVorobeva.RealmHW14;
				PRODUCT_NAME = "$(TARGET_NAME)";
				SWIFT_VERSION = 5.0;
				TARGETED_DEVICE_FAMILY = "1,2";
			};
			name = Debug;
		};
		BE250E1D237038B700286293 /* Release */ = {
			isa = XCBuildConfiguration;
			baseConfigurationReference = 70D5F8245B99BA3975FFAEEB /* Pods-RealmHW14.release.xcconfig */;
			buildSettings = {
				ASSETCATALOG_COMPILER_APPICON_NAME = AppIcon;
				CODE_SIGN_STYLE = Automatic;
				DEVELOPMENT_TEAM = VP9N6X2688;
				INFOPLIST_FILE = RealmHW14/Info.plist;
				LD_RUNPATH_SEARCH_PATHS = (
					"$(inherited)",
					"@executable_path/Frameworks",
				);
				PRODUCT_BUNDLE_IDENTIFIER = VictoriyaVorobeva.RealmHW14;
				PRODUCT_NAME = "$(TARGET_NAME)";
				SWIFT_VERSION = 5.0;
				TARGETED_DEVICE_FAMILY = "1,2";
			};
			name = Release;
		};
/* End XCBuildConfiguration section */

/* Begin XCConfigurationList section */
		BE250E02237038B600286293 /* Build configuration list for PBXProject "RealmHW14" */ = {
			isa = XCConfigurationList;
			buildConfigurations = (
				BE250E19237038B700286293 /* Debug */,
				BE250E1A237038B700286293 /* Release */,
			);
			defaultConfigurationIsVisible = 0;
			defaultConfigurationName = Release;
		};
		BE250E1B237038B700286293 /* Build configuration list for PBXNativeTarget "RealmHW14" */ = {
			isa = XCConfigurationList;
			buildConfigurations = (
				BE250E1C237038B700286293 /* Debug */,
				BE250E1D237038B700286293 /* Release */,
			);
			defaultConfigurationIsVisible = 0;
			defaultConfigurationName = Release;
		};
/* End XCConfigurationList section */
	};
	rootObject = BE250DFF237038B600286293 /* Project object */;
}
